[[package]]
name = "chardet"
version = "5.2.0"
description = "Universal encoding detector for Python 3"
category = "main"
optional = false
python-versions = ">=3.7"

[[package]]
name = "colorama"
version = "0.4.6"
description = "Cross-platform colored terminal text."
category = "main"
optional = false
python-versions = "!=3.0.*,!=3.1.*,!=3.2.*,!=3.3.*,!=3.4.*,!=3.5.*,!=3.6.*,>=2.7"

[[package]]
name = "cssselect2"
version = "0.7.0"
description = "CSS selectors for Python ElementTree"
category = "main"
optional = false
python-versions = ">=3.7"

[package.dependencies]
tinycss2 = "*"
webencodings = "*"

[package.extras]
doc = ["sphinx", "sphinx-rtd-theme"]
test = ["pytest", "isort", "flake8"]

[[package]]
name = "iso3166"
version = "2.1.1"
description = "Self-contained ISO 3166-1 country definitions."
category = "main"
optional = false
python-versions = ">=3.6"

[[package]]
name = "lxml"
version = "5.3.0"
description = "Powerful and Pythonic XML processing library combining libxml2/libxslt with the ElementTree API."
category = "main"
optional = false
python-versions = ">=3.6"

[package.extras]
cssselect = ["cssselect (>=0.7)"]
html5 = ["html5lib"]
html-clean = ["lxml-html-clean"]
htmlsoup = ["beautifulsoup4"]
source = ["Cython (>=3.0.11)"]

[[package]]
name = "pillow"
version = "10.4.0"
description = "Python Imaging Library (Fork)"
category = "main"
optional = false
python-versions = ">=3.8"

[package.extras]
docs = ["furo", "olefile", "sphinx (>=7.3)", "sphinx-copybutton", "sphinx-inline-tabs", "sphinxext-opengraph"]
fpx = ["olefile"]
mic = ["olefile"]
tests = ["check-manifest", "coverage", "defusedxml", "markdown2", "olefile", "packaging", "pyroma", "pytest", "pytest-cov", "pytest-timeout"]
typing = ["typing-extensions"]
xmp = ["defusedxml"]

[[package]]
name = "pypng"
version = "0.20220715.0"
description = "Pure Python library for saving and loading PNG images"
category = "main"
optional = false
python-versions = "*"

[[package]]
name = "python-stdnum"
version = "1.20"
description = "Python module to handle standardized numbers and codes"
category = "main"
optional = false
python-versions = "*"

[package.extras]
soap = ["zeep"]
soap-alt = ["suds"]
soap-fallback = ["pysimplesoap"]

[[package]]
name = "qrbill"
version = "1.1.0"
description = "A library to generate Swiss QR-bill payment slips"
category = "main"
optional = false
python-versions = "*"

[package.dependencies]
iso3166 = "*"
python-stdnum = ">=1.13"
qrcode = "*"
svgwrite = "*"

[[package]]
name = "qrcode"
version = "7.4.2"
description = "QR Code image generator"
category = "main"
optional = false
python-versions = ">=3.7"

[package.dependencies]
colorama = {version = "*", markers = "platform_system == \"Windows\""}
pypng = "*"
typing-extensions = "*"

[package.extras]
all = ["zest.releaser", "tox", "pytest", "pytest-cov", "pillow (>=9.1.0)"]
dev = ["tox", "pytest", "pytest-cov"]
maintainer = ["zest.releaser"]
pil = ["pillow (>=9.1.0)"]
test = ["coverage", "pytest"]

[[package]]
name = "reportlab"
version = "4.2.5"
description = "The Reportlab Toolkit"
category = "main"
optional = false
python-versions = "<4,>=3.7"

[package.dependencies]
chardet = "*"
pillow = ">=9.0.0"

[package.extras]
accel = ["rl-accel (>=0.9.0,<1.1)"]
pycairo = ["rlPyCairo (>=0.2.0,<1)", "freetype-py (>=2.3.0,<2.4)"]
renderpm = ["rl-renderPM (>=4.0.3,<4.1)"]

[[package]]
name = "svg2rlg"
version = "0.3"
description = "Convert SVG to Reportlab drawing"
category = "main"
optional = false
python-versions = "*"

[[package]]
name = "svglib"
version = "1.5.1"
description = "A pure-Python library for reading and converting SVG"
category = "main"
optional = false
python-versions = ">=3.7"

[package.dependencies]
cssselect2 = ">=0.2.0"
lxml = "*"
reportlab = "*"
tinycss2 = ">=0.6.0"

[[package]]
name = "svgwrite"
version = "1.4.3"
description = "A Python library to create SVG drawings."
category = "main"
optional = false
python-versions = ">=3.6"

[[package]]
name = "tinycss2"
version = "1.4.0"
description = "A tiny CSS parser"
category = "main"
optional = false
python-versions = ">=3.8"

[package.dependencies]
webencodings = ">=0.4"

[package.extras]
doc = ["sphinx", "sphinx-rtd-theme"]
test = ["pytest", "ruff"]

[[package]]
name = "typing-extensions"
version = "4.12.2"
description = "Backported and Experimental Type Hints for Python 3.8+"
category = "main"
optional = false
python-versions = ">=3.8"

[[package]]
name = "webencodings"
version = "0.5.1"
description = "Character encoding aliases for legacy web content"
category = "main"
optional = false
python-versions = "*"

[metadata]
lock-version = "1.1"
python-versions = "^3.8"
content-hash = "221876124c078d86aa4e0cfdbe480e6d784526793d39f056a51e5071a84a6096"

[metadata.files]
chardet = []
colorama = []
cssselect2 = []
iso3166 = []
lxml = []
pillow = []
pypng = []
python-stdnum = []
qrbill = []
qrcode = []
reportlab = []
svg2rlg = []
svglib = []
svgwrite = []
tinycss2 = []
typing-extensions = []
webencodings = []
